
Microsoft Visual Studio Solution File, Format Version 11.00
# Visual Studio 2010
Project("{FAE04EC0-301F-11D3-BF4B-00C04F79EFBC}") = "TestDS", "TestDS\TestDS.csproj", "{A5AA2E61-A40C-414E-B180-48EB185DE35E}"
EndProject
Project("{FAE04EC0-301F-11D3-BF4B-00C04F79EFBC}") = "TestDS.Tests", "TestDS.Tests\TestDS.Tests.csproj", "{E7DBC58F-BF8A-4AB6-BD0E-ED47983A3B3A}"
EndProject
Project("{FAE04EC0-301F-11D3-BF4B-00C04F79EFBC}") = "Runner", "TestRunner\Runner.csproj", "{3307011D-7CFA-409D-B79D-57AC17C7AE88}"
EndProject
Project("{FAE04EC0-301F-11D3-BF4B-00C04F79EFBC}") = "NoTests", "NoTests.dll\NoTests.csproj", "{5CF3AEE9-7C0B-436F-BF24-3FFF58FB4DB3}"
EndProject
Project("{FAE04EC0-301F-11D3-BF4B-00C04F79EFBC}") = "SomeTests", "SomeTests.dll\SomeTests.csproj", "{969D8DD8-0A9E-478C-9EF7-2D4E2E3277E0}"
EndProject
Project("{2150E333-8FDC-42A3-9474-1A3956D46DE8}") = "Sample Test Assemblies", "Sample Test Assemblies", "{C3E313DC-C121-452E-B491-62132979AB58}"
EndProject
Project("{FAE04EC0-301F-11D3-BF4B-00C04F79EFBC}") = "OneTest", "OneTest\OneTest.csproj", "{B58CE266-3FFD-4E6C-AC43-AB7ED6F6B612}"
EndProject
Global
	GlobalSection(SolutionConfigurationPlatforms) = preSolution
		Debug|Any CPU = Debug|Any CPU
		Debug|Mixed Platforms = Debug|Mixed Platforms
		Debug|x86 = Debug|x86
		Release|Any CPU = Release|Any CPU
		Release|Mixed Platforms = Release|Mixed Platforms
		Release|x86 = Release|x86
	EndGlobalSection
	GlobalSection(ProjectConfigurationPlatforms) = postSolution
		{A5AA2E61-A40C-414E-B180-48EB185DE35E}.Debug|Any CPU.ActiveCfg = Debug|Any CPU
		{A5AA2E61-A40C-414E-B180-48EB185DE35E}.Debug|Any CPU.Build.0 = Debug|Any CPU
		{A5AA2E61-A40C-414E-B180-48EB185DE35E}.Debug|Mixed Platforms.ActiveCfg = Debug|Any CPU
		{A5AA2E61-A40C-414E-B180-48EB185DE35E}.Debug|Mixed Platforms.Build.0 = Debug|Any CPU
		{A5AA2E61-A40C-414E-B180-48EB185DE35E}.Debug|x86.ActiveCfg = Debug|Any CPU
		{A5AA2E61-A40C-414E-B180-48EB185DE35E}.Release|Any CPU.ActiveCfg = Release|Any CPU
		{A5AA2E61-A40C-414E-B180-48EB185DE35E}.Release|Any CPU.Build.0 = Release|Any CPU
		{A5AA2E61-A40C-414E-B180-48EB185DE35E}.Release|Mixed Platforms.ActiveCfg = Release|Any CPU
		{A5AA2E61-A40C-414E-B180-48EB185DE35E}.Release|Mixed Platforms.Build.0 = Release|Any CPU
		{A5AA2E61-A40C-414E-B180-48EB185DE35E}.Release|x86.ActiveCfg = Release|Any CPU
		{E7DBC58F-BF8A-4AB6-BD0E-ED47983A3B3A}.Debug|Any CPU.ActiveCfg = Debug|Any CPU
		{E7DBC58F-BF8A-4AB6-BD0E-ED47983A3B3A}.Debug|Any CPU.Build.0 = Debug|Any CPU
		{E7DBC58F-BF8A-4AB6-BD0E-ED47983A3B3A}.Debug|Mixed Platforms.ActiveCfg = Debug|Any CPU
		{E7DBC58F-BF8A-4AB6-BD0E-ED47983A3B3A}.Debug|Mixed Platforms.Build.0 = Debug|Any CPU
		{E7DBC58F-BF8A-4AB6-BD0E-ED47983A3B3A}.Debug|x86.ActiveCfg = Debug|Any CPU
		{E7DBC58F-BF8A-4AB6-BD0E-ED47983A3B3A}.Release|Any CPU.ActiveCfg = Release|Any CPU
		{E7DBC58F-BF8A-4AB6-BD0E-ED47983A3B3A}.Release|Any CPU.Build.0 = Release|Any CPU
		{E7DBC58F-BF8A-4AB6-BD0E-ED47983A3B3A}.Release|Mixed Platforms.ActiveCfg = Release|Any CPU
		{E7DBC58F-BF8A-4AB6-BD0E-ED47983A3B3A}.Release|Mixed Platforms.Build.0 = Release|Any CPU
		{E7DBC58F-BF8A-4AB6-BD0E-ED47983A3B3A}.Release|x86.ActiveCfg = Release|Any CPU
		{3307011D-7CFA-409D-B79D-57AC17C7AE88}.Debug|Any CPU.ActiveCfg = Debug|x86
		{3307011D-7CFA-409D-B79D-57AC17C7AE88}.Debug|Mixed Platforms.ActiveCfg = Debug|x86
		{3307011D-7CFA-409D-B79D-57AC17C7AE88}.Debug|Mixed Platforms.Build.0 = Debug|x86
		{3307011D-7CFA-409D-B79D-57AC17C7AE88}.Debug|x86.ActiveCfg = Debug|x86
		{3307011D-7CFA-409D-B79D-57AC17C7AE88}.Debug|x86.Build.0 = Debug|x86
		{3307011D-7CFA-409D-B79D-57AC17C7AE88}.Release|Any CPU.ActiveCfg = Release|x86
		{3307011D-7CFA-409D-B79D-57AC17C7AE88}.Release|Mixed Platforms.ActiveCfg = Release|x86
		{3307011D-7CFA-409D-B79D-57AC17C7AE88}.Release|Mixed Platforms.Build.0 = Release|x86
		{3307011D-7CFA-409D-B79D-57AC17C7AE88}.Release|x86.ActiveCfg = Release|x86
		{3307011D-7CFA-409D-B79D-57AC17C7AE88}.Release|x86.Build.0 = Release|x86
		{5CF3AEE9-7C0B-436F-BF24-3FFF58FB4DB3}.Debug|Any CPU.ActiveCfg = Debug|Any CPU
		{5CF3AEE9-7C0B-436F-BF24-3FFF58FB4DB3}.Debug|Any CPU.Build.0 = Debug|Any CPU
		{5CF3AEE9-7C0B-436F-BF24-3FFF58FB4DB3}.Debug|Mixed Platforms.ActiveCfg = Debug|Any CPU
		{5CF3AEE9-7C0B-436F-BF24-3FFF58FB4DB3}.Debug|Mixed Platforms.Build.0 = Debug|Any CPU
		{5CF3AEE9-7C0B-436F-BF24-3FFF58FB4DB3}.Debug|x86.ActiveCfg = Debug|Any CPU
		{5CF3AEE9-7C0B-436F-BF24-3FFF58FB4DB3}.Release|Any CPU.ActiveCfg = Release|Any CPU
		{5CF3AEE9-7C0B-436F-BF24-3FFF58FB4DB3}.Release|Any CPU.Build.0 = Release|Any CPU
		{5CF3AEE9-7C0B-436F-BF24-3FFF58FB4DB3}.Release|Mixed Platforms.ActiveCfg = Release|Any CPU
		{5CF3AEE9-7C0B-436F-BF24-3FFF58FB4DB3}.Release|Mixed Platforms.Build.0 = Release|Any CPU
		{5CF3AEE9-7C0B-436F-BF24-3FFF58FB4DB3}.Release|x86.ActiveCfg = Release|Any CPU
		{969D8DD8-0A9E-478C-9EF7-2D4E2E3277E0}.Debug|Any CPU.ActiveCfg = Debug|Any CPU
		{969D8DD8-0A9E-478C-9EF7-2D4E2E3277E0}.Debug|Any CPU.Build.0 = Debug|Any CPU
		{969D8DD8-0A9E-478C-9EF7-2D4E2E3277E0}.Debug|Mixed Platforms.ActiveCfg = Debug|Any CPU
		{969D8DD8-0A9E-478C-9EF7-2D4E2E3277E0}.Debug|Mixed Platforms.Build.0 = Debug|Any CPU
		{969D8DD8-0A9E-478C-9EF7-2D4E2E3277E0}.Debug|x86.ActiveCfg = Debug|Any CPU
		{969D8DD8-0A9E-478C-9EF7-2D4E2E3277E0}.Release|Any CPU.ActiveCfg = Release|Any CPU
		{969D8DD8-0A9E-478C-9EF7-2D4E2E3277E0}.Release|Any CPU.Build.0 = Release|Any CPU
		{969D8DD8-0A9E-478C-9EF7-2D4E2E3277E0}.Release|Mixed Platforms.ActiveCfg = Release|Any CPU
		{969D8DD8-0A9E-478C-9EF7-2D4E2E3277E0}.Release|Mixed Platforms.Build.0 = Release|Any CPU
		{969D8DD8-0A9E-478C-9EF7-2D4E2E3277E0}.Release|x86.ActiveCfg = Release|Any CPU
		{B58CE266-3FFD-4E6C-AC43-AB7ED6F6B612}.Debug|Any CPU.ActiveCfg = Debug|Any CPU
		{B58CE266-3FFD-4E6C-AC43-AB7ED6F6B612}.Debug|Any CPU.Build.0 = Debug|Any CPU
		{B58CE266-3FFD-4E6C-AC43-AB7ED6F6B612}.Debug|Mixed Platforms.ActiveCfg = Debug|Any CPU
		{B58CE266-3FFD-4E6C-AC43-AB7ED6F6B612}.Debug|Mixed Platforms.Build.0 = Debug|Any CPU
		{B58CE266-3FFD-4E6C-AC43-AB7ED6F6B612}.Debug|x86.ActiveCfg = Debug|Any CPU
		{B58CE266-3FFD-4E6C-AC43-AB7ED6F6B612}.Release|Any CPU.ActiveCfg = Release|Any CPU
		{B58CE266-3FFD-4E6C-AC43-AB7ED6F6B612}.Release|Any CPU.Build.0 = Release|Any CPU
		{B58CE266-3FFD-4E6C-AC43-AB7ED6F6B612}.Release|Mixed Platforms.ActiveCfg = Release|Any CPU
		{B58CE266-3FFD-4E6C-AC43-AB7ED6F6B612}.Release|Mixed Platforms.Build.0 = Release|Any CPU
		{B58CE266-3FFD-4E6C-AC43-AB7ED6F6B612}.Release|x86.ActiveCfg = Release|Any CPU
	EndGlobalSection
	GlobalSection(SolutionProperties) = preSolution
		HideSolutionNode = FALSE
	EndGlobalSection
	GlobalSection(NestedProjects) = preSolution
		{969D8DD8-0A9E-478C-9EF7-2D4E2E3277E0} = {C3E313DC-C121-452E-B491-62132979AB58}
		{5CF3AEE9-7C0B-436F-BF24-3FFF58FB4DB3} = {C3E313DC-C121-452E-B491-62132979AB58}
		{B58CE266-3FFD-4E6C-AC43-AB7ED6F6B612} = {C3E313DC-C121-452E-B491-62132979AB58}
	EndGlobalSection
EndGlobal
